
Microsoft Visual Studio Solution File, Format Version 12.00
# Visual Studio 15
VisualStudioVersion = 15.0.28307.902
MinimumVisualStudioVersion = 10.0.40219.1
Project("{FAE04EC0-301F-11D3-BF4B-00C04F79EFBC}") = "UserAPP", "UserAPP\UserAPP.csproj", "{C4DC4AE2-E8A2-4BAA-97C0-483B7DD2A07A}"
EndProject
Global
	GlobalSection(SolutionConfigurationPlatforms) = preSolution
		Debug|Any CPU = Debug|Any CPU
		Release|Any CPU = Release|Any CPU
	EndGlobalSection
	GlobalSection(ProjectConfigurationPlatforms) = postSolution
		{C4DC4AE2-E8A2-4BAA-97C0-483B7DD2A07A}.Debug|Any CPU.ActiveCfg = Debug|Any CPU
		{C4DC4AE2-E8A2-4BAA-97C0-483B7DD2A07A}.Debug|Any CPU.Build.0 = Debug|Any CPU
		{C4DC4AE2-E8A2-4BAA-97C0-483B7DD2A07A}.Release|Any CPU.ActiveCfg = Release|Any CPU
		{C4DC4AE2-E8A2-4BAA-97C0-483B7DD2A07A}.Release|Any CPU.Build.0 = Release|Any CPU
	EndGlobalSection
	GlobalSection(SolutionProperties) = preSolution
		HideSolutionNode = FALSE
	EndGlobalSection
	GlobalSection(ExtensibilityGlobals) = postSolution
		SolutionGuid = {DB9D7C63-F0B8-4143-8332-3A7E644800AC}
	EndGlobalSection
EndGlobal
